{"agents":[{"confidence":"declared","framework":"openai-agents-python","id":"3ef57d45065ddc29","model":{"name":"gpt-5"},"name":"support","prompt":{"hash":"sha256:aaaaaaaaaaaaaaaaaaaaaaaaaaaaaaaaaaaaaaaaaaaaaaaaaaaaaaaaaaaaaaaa"},"source":{"column":1,"file":"support/agent.py","line":40}},{"confidence":"declared","framework":"openai-agents-python","id":"6765a724da2e2253","name":"billing","source":{"column":1,"file":"support/agent.py","line":60}}],"coverage":{"agents":[{"agent":"3ef57d45065ddc29","axes":[{"axis":"detected","value":2},{"axis":"effective","no_source":"not_from_repo"},{"axis":"effective_unused","no_source":"not_from_repo"},{"axis":"governed","no_source":"not_from_repo"},{"axis":"mediated","no_source":"not_from_repo"},{"axis":"resolved","value":1},{"axis":"unresolved","value":1}],"name":"support","sources":[{"kind":"env_ref","locations":[{"column":12,"file":"support/agent.py","line":8},{"column":3,"file":"support/agent.py","line":9}],"name":"STRIPE_API_KEY","reason":"no_runner_config","state":"not_configured"},{"kind":"mcp_server","locations":[{"column":5,"file":"support/agent.py","line":15}],"name":"stripe","reason":"mcp_tools_not_listed","state":"not_configured"}],"unresolved":[{"kind":"tool","location":{"column":1,"file":"support/agent.py","line":20},"reason":"definition_not_resolved"}]},{"agent":"6765a724da2e2253","axes":[{"axis":"detected","value":0},{"axis":"effective","no_source":"not_from_repo"},{"axis":"effective_unused","no_source":"not_from_repo"},{"axis":"governed","no_source":"not_from_repo"},{"axis":"mediated","no_source":"not_from_repo"},{"axis":"resolved","value":0},{"axis":"unresolved","value":0}],"name":"billing","sources":[],"unresolved":[]}],"repo":{"skipped":[{"path":"support/prompts.py","reason":"file_over_1mb"}],"sources":[{"extractors":["openai-agents-python/1"],"kind":"repo","locations":[],"name":".","state":"observed"}],"unresolved":[]},"version":1},"edges":[{"confidence":"declared","from":"047943b25e5ab656","kind":"references_env","source":{"column":12,"file":"support/agent.py","line":8},"to":"615743a8280f00b9"},{"confidence":"declared","from":"3ef57d45065ddc29","kind":"can_call","source":{"column":17,"file":"support/agent.py","line":41},"to":"26c58dbd641dbe56"},{"confidence":"declared","from":"3ef57d45065ddc29","kind":"can_call","source":{"column":9,"file":"support/agent.py","line":41},"to":"047943b25e5ab656"},{"confidence":"declared","from":"3ef57d45065ddc29","kind":"delegates_to","source":{"column":9,"file":"support/agent.py","line":42},"to":"6765a724da2e2253"},{"confidence":"declared","from":"3ef57d45065ddc29","kind":"uses_mcp_server","source":{"column":9,"file":"support/agent.py","line":43},"to":"672b0d2df32aabfb"}],"intent":{"acm_version":0,"contracts":[{"accepted_at":"2026-10-01","accepted_by":"@ana","agent":"3ef57d45065ddc29","allow":["money.refund","customer.read"],"deny":["customer.delete"],"egress":["api.stripe.com"],"expires":"2027-04-01","limits":[{"capability":"money.refund","per_operation":{"amount":50000,"currency":"EUR"}}],"owner":"@ana","status":"accepted"}]},"mcp_servers":[{"command":"npx","confidence":"declared","id":"672b0d2df32aabfb","name":"stripe","package":{"ecosystem":"npm","name":"@stripe/mcp","version":"0.2.4"},"pinned":true,"source":{"column":5,"file":"support/agent.py","line":15},"tools_source":"none","transport":"stdio"}],"schema_version":1,"secret_refs":[{"id":"615743a8280f00b9","locations":[{"column":12,"file":"support/agent.py","line":8},{"column":3,"file":"support/agent.py","line":9}],"name":"STRIPE_API_KEY"}],"skills":[{"allowed_tools":["Grep","Read"],"confidence":"declared","id":"27fe89358e57f2c4","name":"triage","source":{"file":"skills/triage/SKILL.md","line":1}}],"tools":[{"confidence":"declared","description_hash":"sha256:cccccccccccccccccccccccccccccccccccccccccccccccccccccccccccccccc","effect":"unknown","framework":"openai-agents-python","id":"047943b25e5ab656","name":"refund","schema_hash":"sha256:bbbbbbbbbbbbbbbbbbbbbbbbbbbbbbbbbbbbbbbbbbbbbbbbbbbbbbbbbbbbbbbb","source":{"column":1,"file":"support/agent.py","line":10}},{"confidence":"unresolved","effect":"unknown","framework":"openai-agents-python","id":"26c58dbd641dbe56","name":"lookup","source":{"column":1,"file":"support/agent.py","line":20}}]}