{"agents":[{"confidence":"declared","framework":"openai-agents-python","id":"64f539d1460b0cf5","name":"billing","source":{"column":1,"file":"support/agent.py","line":60}},{"confidence":"declared","framework":"openai-agents-python","id":"d9a1437d48df60e4","model":{"name":"gpt-5"},"name":"support","prompt":{"hash":"sha256:aaaaaaaaaaaaaaaaaaaaaaaaaaaaaaaaaaaaaaaaaaaaaaaaaaaaaaaaaaaaaaaa"},"source":{"column":1,"file":"support/agent.py","line":40}}],"coverage":{"agents":[{"agent":"64f539d1460b0cf5","axes":[{"axis":"detected","value":0},{"axis":"effective","no_source":"not_from_repo"},{"axis":"effective_unused","no_source":"not_from_repo"},{"axis":"governed","no_source":"not_from_repo"},{"axis":"mediated","no_source":"not_from_repo"},{"axis":"resolved","value":0},{"axis":"unresolved","value":0}],"name":"billing","sources":[],"unresolved":[]},{"agent":"d9a1437d48df60e4","axes":[{"axis":"detected","value":2},{"axis":"effective","no_source":"not_from_repo"},{"axis":"effective_unused","no_source":"not_from_repo"},{"axis":"governed","no_source":"not_from_repo"},{"axis":"mediated","no_source":"not_from_repo"},{"axis":"resolved","value":1},{"axis":"unresolved","value":3}],"name":"support","sources":[{"kind":"env_ref","locations":[{"column":12,"file":"support/agent.py","line":8},{"column":3,"file":"support/agent.py","line":9}],"name":"STRIPE_API_KEY","reason":"no_runner_config","state":"not_configured"},{"kind":"mcp_server","locations":[{"column":5,"file":"support/agent.py","line":15}],"name":"stripe","reason":"mcp_tools_not_listed","state":"not_configured"}],"unresolved":[{"kind":"tool","location":{"column":1,"file":"support/agent.py","line":20},"reason":"definition_not_resolved"},{"kind":"tool_list","location":{"column":11,"file":"support/agent.py","line":30},"reason":"list_built_at_runtime"},{"kind":"tool_schema","location":{"column":9,"file":"support/agent.py","line":22},"reason":"schema_built_at_runtime"}]}],"repo":{"skipped":[{"path":"support/prompts.py","reason":"file_over_1mb"},{"path":"vendor/sub","reason":"submodule"}],"sources":[{"extractors":["mcp-config/1","openai-agents-python/1"],"kind":"repo","locations":[],"name":".","state":"observed"},{"kind":"env_ref","locations":[{"column":9,"file":".mcp.json","line":6},{"column":9,"file":".mcp.json","line":7}],"name":"GITHUB_TOKEN","reason":"no_runner_config","state":"not_configured"},{"kind":"mcp_server","locations":[{"column":5,"file":".mcp.json","line":3}],"name":"github","reason":"mcp_tools_not_listed","state":"not_configured"}],"unresolved":[{"kind":"source_declaration","location":{"column":1,"file":"support/extra.py","line":2},"reason":"params_built_at_runtime"},{"kind":"tool","location":{"column":1,"file":"support/agent.py","line":25},"reason":"definition_not_resolved"}]},"version":1},"edges":[{"confidence":"declared","from":"9a90d747d891b275","kind":"references_env","source":{"column":9,"file":".mcp.json","line":6},"to":"4d01c37ed77eaff9"},{"confidence":"declared","from":"cb379a7a4401cfd9","kind":"references_env","source":{"column":12,"file":"support/agent.py","line":8},"to":"6565cf299a34a130"},{"confidence":"declared","from":"d9a1437d48df60e4","kind":"can_call","source":{"column":17,"file":"support/agent.py","line":41},"to":"303d1ff87cb1bf95"},{"confidence":"declared","from":"d9a1437d48df60e4","kind":"can_call","source":{"column":9,"file":"support/agent.py","line":41},"to":"cb379a7a4401cfd9"},{"confidence":"declared","from":"d9a1437d48df60e4","kind":"delegates_to","source":{"column":9,"file":"support/agent.py","line":42},"to":"64f539d1460b0cf5"},{"confidence":"declared","from":"d9a1437d48df60e4","kind":"uses_mcp_server","source":{"column":9,"file":"support/agent.py","line":43},"to":"af20fd7cea63a2ba"}],"intent":{"acm_version":0,"contracts":[{"accepted_at":"2026-10-01","accepted_by":"@ana","agent":"d9a1437d48df60e4","allow":["money.refund","customer.read"],"deny":["customer.delete"],"egress":["api.stripe.com"],"expires":"2027-04-01","limits":[{"capability":"money.refund","per_operation":{"amount":50000,"currency":"EUR"}},{"capability":"money.refund","per_period":{"amount":200000,"count":100,"currency":"EUR","period":"month"}}],"owner":"@ana","status":"accepted"},{"agent":"64f539d1460b0cf5","allow":[],"confidence":"inferred","deny":[],"egress":[],"expires":"2026-12-31","limits":[],"owner":"@ana","status":"draft"}]},"mcp_servers":[{"command":"npx","confidence":"declared","id":"af20fd7cea63a2ba","name":"stripe","package":{"ecosystem":"npm","name":"@stripe/mcp","version":"0.2.4"},"pinned":true,"source":{"column":5,"file":"support/agent.py","line":15},"tools_source":"none","transport":"stdio"},{"confidence":"declared","id":"9a90d747d891b275","name":"github","pinned":false,"source":{"column":5,"file":".mcp.json","line":3},"tools_source":"none","transport":"http","url":"https://api.example.invalid/mcp"}],"schema_version":1,"secret_refs":[{"id":"4d01c37ed77eaff9","locations":[{"column":9,"file":".mcp.json","line":6},{"column":9,"file":".mcp.json","line":7}],"name":"GITHUB_TOKEN"},{"id":"6565cf299a34a130","locations":[{"column":12,"file":"support/agent.py","line":8},{"column":3,"file":"support/agent.py","line":9}],"name":"STRIPE_API_KEY"}],"skills":[{"allowed_tools":["Bash","Edit"],"confidence":"declared","id":"1a08b787d21f5e5c","name":"review","source":{"file":"skills/review/SKILL.md","line":1}},{"allowed_tools":["Grep","Read"],"confidence":"declared","id":"11b74f1455087074","name":"triage","source":{"file":"skills/triage/SKILL.md","line":1}}],"tools":[{"confidence":"declared","description_hash":"sha256:cccccccccccccccccccccccccccccccccccccccccccccccccccccccccccccccc","effect":"unknown","framework":"openai-agents-python","id":"cb379a7a4401cfd9","name":"refund","schema_hash":"sha256:bbbbbbbbbbbbbbbbbbbbbbbbbbbbbbbbbbbbbbbbbbbbbbbbbbbbbbbbbbbbbbbb","source":{"column":1,"file":"support/agent.py","line":10}},{"confidence":"unresolved","effect":"unknown","framework":"openai-agents-python","id":"303d1ff87cb1bf95","name":"lookup","source":{"column":1,"file":"support/agent.py","line":20}},{"confidence":"unresolved","effect":"unknown","framework":"openai-agents-python","id":"907f7990b0c3e63a","name":"invoice","source":{"column":1,"file":"support/agent.py","line":25}}]}
